<?xml version="1.0" encoding="utf-8"?>
<Project ToolsVersion="4.0" xmlns="http://schemas.microsoft.com/developer/msbuild/2003">
  <ItemGroup>
    <Filter Include="Shaders">
      <UniqueIdentifier>{e1bd8513-37da-4032-8f8e-96a0bf16b97f}</UniqueIdentifier>
    </Filter>
    <Filter Include="Interfaces">
      <UniqueIdentifier>{44af6365-13ac-42fc-a371-90d9bba4d390}</UniqueIdentifier>
    </Filter>
    <Filter Include="GameObjects">
      <UniqueIdentifier>{96f94af2-c869-41e9-90f0-07a130c1bfc1}</UniqueIdentifier>
    </Filter>
    <Filter Include="Engine">
      <UniqueIdentifier>{a5660b42-cf27-43d0-b4b7-7bbff2b2df5f}</UniqueIdentifier>
    </Filter>
    <Filter Include="Game">
      <UniqueIdentifier>{258bdb66-e094-4592-84c9-e9467c226d5e}</UniqueIdentifier>
    </Filter>
  </ItemGroup>
  <ItemGroup>
    <None Include="..\shaders\diffuse.frag">
      <Filter>Shaders</Filter>
    </None>
    <None Include="..\shaders\diffuse.vert">
      <Filter>Shaders</Filter>
    </None>
    <None Include="..\shaders\simple.frag">
      <Filter>Shaders</Filter>
    </None>
    <None Include="..\shaders\simple.vert">
      <Filter>Shaders</Filter>
    </None>
  </ItemGroup>
  <ItemGroup>
    <ClInclude Include="..\source\drawScene.h">
      <Filter>Engine</Filter>
    </ClInclude>
    <ClInclude Include="..\source\FrameSaver.h">
      <Filter>Engine</Filter>
    </ClInclude>
    <ClInclude Include="..\source\geomObjects.h">
      <Filter>Engine</Filter>
    </ClInclude>
    <ClInclude Include="..\source\global.h">
      <Filter>Engine</Filter>
    </ClInclude>
    <ClInclude Include="..\source\image.h">
      <Filter>Engine</Filter>
    </ClInclude>
    <ClInclude Include="..\source\matStack.h">
      <Filter>Engine</Filter>
    </ClInclude>
    <ClInclude Include="..\source\opengl.h">
      <Filter>Engine</Filter>
    </ClInclude>
    <ClInclude Include="..\source\program.h">
      <Filter>Engine</Filter>
    </ClInclude>
    <ClInclude Include="..\source\IDrawable.h">
      <Filter>Interfaces</Filter>
    </ClInclude>
    <ClInclude Include="..\source\IGameObject.h">
      <Filter>Interfaces</Filter>
    </ClInclude>
    <ClInclude Include="..\source\IUpdateable.h">
      <Filter>Interfaces</Filter>
    </ClInclude>
    <ClInclude Include="..\source\Building.h">
      <Filter>GameObjects</Filter>
    </ClInclude>
    <ClInclude Include="..\source\Person.h">
      <Filter>GameObjects</Filter>
    </ClInclude>
    <ClInclude Include="..\source\Skybox.h">
      <Filter>GameObjects</Filter>
    </ClInclude>
    <ClInclude Include="..\source\Ground.h">
      <Filter>GameObjects</Filter>
    </ClInclude>
    <ClInclude Include="..\source\Camera.h">
      <Filter>GameObjects</Filter>
    </ClInclude>
    <ClInclude Include="..\source\Transform.h">
      <Filter>Game</Filter>
    </ClInclude>
    <ClInclude Include="..\source\Scene.h">
      <Filter>Game</Filter>
    </ClInclude>
    <ClInclude Include="..\source\FPSCounter.h">
      <Filter>Game</Filter>
    </ClInclude>
    <ClInclude Include="..\source\InputManager.h">
      <Filter>Game</Filter>
    </ClInclude>
    <ClInclude Include="..\source\BuildingGenerator.h">
      <Filter>Game</Filter>
    </ClInclude>
    <ClInclude Include="..\source\Random.h">
      <Filter>Game</Filter>
    </ClInclude>
    <ClInclude Include="..\source\Billboard.h">
      <Filter>GameObjects</Filter>
    </ClInclude>
    <ClInclude Include="..\source\MathUtils.h">
      <Filter>Game</Filter>
    </ClInclude>
    <ClInclude Include="..\source\ForestGenerator.h">
      <Filter>Game</Filter>
    </ClInclude>
    <ClInclude Include="..\source\DummyCameraTarget.h">
      <Filter>GameObjects</Filter>
    </ClInclude>
    <ClInclude Include="..\source\QuaternionTest.h">
      <Filter>GameObjects</Filter>
    </ClInclude>
  </ItemGroup>
  <ItemGroup>
    <ClCompile Include="..\source\Building.cpp">
      <Filter>GameObjects</Filter>
    </ClCompile>
    <ClCompile Include="..\source\Camera.cpp">
      <Filter>GameObjects</Filter>
    </ClCompile>
    <ClCompile Include="..\source\Ground.cpp">
      <Filter>GameObjects</Filter>
    </ClCompile>
    <ClCompile Include="..\source\Person.cpp">
      <Filter>GameObjects</Filter>
    </ClCompile>
    <ClCompile Include="..\source\Skybox.cpp">
      <Filter>GameObjects</Filter>
    </ClCompile>
    <ClCompile Include="..\source\drawScene.cpp">
      <Filter>Engine</Filter>
    </ClCompile>
    <ClCompile Include="..\source\FrameSaver.cpp">
      <Filter>Engine</Filter>
    </ClCompile>
    <ClCompile Include="..\source\geomObjects-back.cpp">
      <Filter>Engine</Filter>
    </ClCompile>
    <ClCompile Include="..\source\geomObjects.cpp">
      <Filter>Engine</Filter>
    </ClCompile>
    <ClCompile Include="..\source\image.cpp">
      <Filter>Engine</Filter>
    </ClCompile>
    <ClCompile Include="..\source\main.cpp">
      <Filter>Engine</Filter>
    </ClCompile>
    <ClCompile Include="..\source\program.cpp">
      <Filter>Engine</Filter>
    </ClCompile>
    <ClCompile Include="..\source\Scene.cpp">
      <Filter>Game</Filter>
    </ClCompile>
    <ClCompile Include="..\source\InputManager.cpp">
      <Filter>Game</Filter>
    </ClCompile>
    <ClCompile Include="..\source\BuildingGenerator.cpp">
      <Filter>Game</Filter>
    </ClCompile>
    <ClCompile Include="..\source\Billboard.cpp">
      <Filter>GameObjects</Filter>
    </ClCompile>
    <ClCompile Include="..\source\ForestGenerator.cpp">
      <Filter>Game</Filter>
    </ClCompile>
    <ClCompile Include="..\source\DummyCameraTarget.cpp">
      <Filter>GameObjects</Filter>
    </ClCompile>
    <ClCompile Include="..\source\QuaternionTest.cpp">
      <Filter>GameObjects</Filter>
    </ClCompile>
  </ItemGroup>
</Project>